<Solution>
  <Folder Name="/Solution Items/">
    <File Path=".gitignore" />
    <File Path="docker-compose.yml" />
  </Folder>
  <Project Path="../RugbyManagementSystem.Application/RugbyManagementSystem.Application.csproj" />
  <Project Path="../RugbyManagementSystem.Domain/RugbyManagementSystem.Domain.csproj" />
  <Project Path="../RugbyManagementSystem.Infastructure/RugbyManagementSystem.Infastructure.csproj" />
  <Project Path="RugbyManagementSystem Api.csproj" />
</Solution>
